// !$*UTF8*$!
{
	archiveVersion = 1;
	classes = {
	};
	objectVersion = 46;
	objects = {

/* Begin PBXBuildFile section */
		C5140E141CE1D80D00B306FA /* Assets.xcassets in Resources */ = {isa = PBXBuildFile; fileRef = C5140E131CE1D80D00B306FA /* Assets.xcassets */; };
		C5140E641CE1D8B700B306FA /* Assets.xcassets in Resources */ = {isa = PBXBuildFile; fileRef = C5140E631CE1D8B700B306FA /* Assets.xcassets */; };
		C5140E961CE1D8C700B306FA /* Assets.xcassets in Resources */ = {isa = PBXBuildFile; fileRef = C5140E951CE1D8C700B306FA /* Assets.xcassets */; };
		C5140EE41CE1DAB800B306FA /* AppDelegate.swift in Sources */ = {isa = PBXBuildFile; fileRef = C5140EBB1CE1DAB800B306FA /* AppDelegate.swift */; };
		C5140EE51CE1DAB800B306FA /* AppDelegate.swift in Sources */ = {isa = PBXBuildFile; fileRef = C5140EBB1CE1DAB800B306FA /* AppDelegate.swift */; };
		C5140EE61CE1DAB800B306FA /* AppDelegate.swift in Sources */ = {isa = PBXBuildFile; fileRef = C5140EBB1CE1DAB800B306FA /* AppDelegate.swift */; };
		C5140EE71CE1DAB800B306FA /* DataManager.swift in Sources */ = {isa = PBXBuildFile; fileRef = C5140EBD1CE1DAB800B306FA /* DataManager.swift */; };
		C5140EE81CE1DAB800B306FA /* DataManager.swift in Sources */ = {isa = PBXBuildFile; fileRef = C5140EBD1CE1DAB800B306FA /* DataManager.swift */; };
		C5140EE91CE1DAB800B306FA /* DataManager.swift in Sources */ = {isa = PBXBuildFile; fileRef = C5140EBD1CE1DAB800B306FA /* DataManager.swift */; };
		C5140EEA1CE1DAB800B306FA /* Interval.swift in Sources */ = {isa = PBXBuildFile; fileRef = C5140EBE1CE1DAB800B306FA /* Interval.swift */; };
		C5140EEB1CE1DAB800B306FA /* Interval.swift in Sources */ = {isa = PBXBuildFile; fileRef = C5140EBE1CE1DAB800B306FA /* Interval.swift */; };
		C5140EEC1CE1DAB800B306FA /* Interval.swift in Sources */ = {isa = PBXBuildFile; fileRef = C5140EBE1CE1DAB800B306FA /* Interval.swift */; };
		C5140EED1CE1DAB800B306FA /* Overlap.swift in Sources */ = {isa = PBXBuildFile; fileRef = C5140EBF1CE1DAB800B306FA /* Overlap.swift */; };
		C5140EEE1CE1DAB800B306FA /* Overlap.swift in Sources */ = {isa = PBXBuildFile; fileRef = C5140EBF1CE1DAB800B306FA /* Overlap.swift */; };
		C5140EEF1CE1DAB800B306FA /* Overlap.swift in Sources */ = {isa = PBXBuildFile; fileRef = C5140EBF1CE1DAB800B306FA /* Overlap.swift */; };
		C5140EF01CE1DAB800B306FA /* Crashlytics.framework in Frameworks */ = {isa = PBXBuildFile; fileRef = C5140EC11CE1DAB800B306FA /* Crashlytics.framework */; };
		C5140EF11CE1DAB800B306FA /* Crashlytics.framework in Frameworks */ = {isa = PBXBuildFile; fileRef = C5140EC11CE1DAB800B306FA /* Crashlytics.framework */; };
		C5140EF21CE1DAB800B306FA /* Crashlytics.framework in Frameworks */ = {isa = PBXBuildFile; fileRef = C5140EC11CE1DAB800B306FA /* Crashlytics.framework */; };
		C5140EF31CE1DAB800B306FA /* Fabric.framework in Frameworks */ = {isa = PBXBuildFile; fileRef = C5140EC21CE1DAB800B306FA /* Fabric.framework */; };
		C5140EF41CE1DAB800B306FA /* Fabric.framework in Frameworks */ = {isa = PBXBuildFile; fileRef = C5140EC21CE1DAB800B306FA /* Fabric.framework */; };
		C5140EF51CE1DAB800B306FA /* Fabric.framework in Frameworks */ = {isa = PBXBuildFile; fileRef = C5140EC21CE1DAB800B306FA /* Fabric.framework */; };
		C5140EF61CE1DAB800B306FA /* IntervalEditor.swift in Sources */ = {isa = PBXBuildFile; fileRef = C5140EC41CE1DAB800B306FA /* IntervalEditor.swift */; };
		C5140EF71CE1DAB800B306FA /* IntervalEditor.swift in Sources */ = {isa = PBXBuildFile; fileRef = C5140EC41CE1DAB800B306FA /* IntervalEditor.swift */; };
		C5140EF81CE1DAB800B306FA /* IntervalEditor.swift in Sources */ = {isa = PBXBuildFile; fileRef = C5140EC41CE1DAB800B306FA /* IntervalEditor.swift */; };
		C5140EF91CE1DAB800B306FA /* OverlapEditor.swift in Sources */ = {isa = PBXBuildFile; fileRef = C5140EC51CE1DAB800B306FA /* OverlapEditor.swift */; };
		C5140EFA1CE1DAB800B306FA /* OverlapEditor.swift in Sources */ = {isa = PBXBuildFile; fileRef = C5140EC51CE1DAB800B306FA /* OverlapEditor.swift */; };
		C5140EFB1CE1DAB800B306FA /* OverlapEditor.swift in Sources */ = {isa = PBXBuildFile; fileRef = C5140EC51CE1DAB800B306FA /* OverlapEditor.swift */; };
		C5140EFC1CE1DAB800B306FA /* Double+Time.swift in Sources */ = {isa = PBXBuildFile; fileRef = C5140EC71CE1DAB800B306FA /* Double+Time.swift */; };
		C5140EFD1CE1DAB800B306FA /* Double+Time.swift in Sources */ = {isa = PBXBuildFile; fileRef = C5140EC71CE1DAB800B306FA /* Double+Time.swift */; };
		C5140EFE1CE1DAB800B306FA /* Double+Time.swift in Sources */ = {isa = PBXBuildFile; fileRef = C5140EC71CE1DAB800B306FA /* Double+Time.swift */; };
		C5140EFF1CE1DAB800B306FA /* UIStoryboardSegue+Identifier.swift in Sources */ = {isa = PBXBuildFile; fileRef = C5140EC81CE1DAB800B306FA /* UIStoryboardSegue+Identifier.swift */; };
		C5140F001CE1DAB800B306FA /* UIStoryboardSegue+Identifier.swift in Sources */ = {isa = PBXBuildFile; fileRef = C5140EC81CE1DAB800B306FA /* UIStoryboardSegue+Identifier.swift */; };
		C5140F011CE1DAB800B306FA /* UIStoryboardSegue+Identifier.swift in Sources */ = {isa = PBXBuildFile; fileRef = C5140EC81CE1DAB800B306FA /* UIStoryboardSegue+Identifier.swift */; };
		C5140F021CE1DAB800B306FA /* LaunchScreen.storyboard in Resources */ = {isa = PBXBuildFile; fileRef = C5140EC91CE1DAB800B306FA /* LaunchScreen.storyboard */; };
		C5140F031CE1DAB800B306FA /* LaunchScreen.storyboard in Resources */ = {isa = PBXBuildFile; fileRef = C5140EC91CE1DAB800B306FA /* LaunchScreen.storyboard */; };
		C5140F041CE1DAB800B306FA /* LaunchScreen.storyboard in Resources */ = {isa = PBXBuildFile; fileRef = C5140EC91CE1DAB800B306FA /* LaunchScreen.storyboard */; };
		C5140F051CE1DAB800B306FA /* Main.storyboard in Resources */ = {isa = PBXBuildFile; fileRef = C5140ECA1CE1DAB800B306FA /* Main.storyboard */; };
		C5140F061CE1DAB800B306FA /* Main.storyboard in Resources */ = {isa = PBXBuildFile; fileRef = C5140ECA1CE1DAB800B306FA /* Main.storyboard */; };
		C5140F071CE1DAB800B306FA /* Main.storyboard in Resources */ = {isa = PBXBuildFile; fileRef = C5140ECA1CE1DAB800B306FA /* Main.storyboard */; };
		C5140F081CE1DAB800B306FA /* Interval+Dictionary.swift in Sources */ = {isa = PBXBuildFile; fileRef = C5140ECD1CE1DAB800B306FA /* Interval+Dictionary.swift */; };
		C5140F091CE1DAB800B306FA /* Interval+Dictionary.swift in Sources */ = {isa = PBXBuildFile; fileRef = C5140ECD1CE1DAB800B306FA /* Interval+Dictionary.swift */; };
		C5140F0A1CE1DAB800B306FA /* Interval+Dictionary.swift in Sources */ = {isa = PBXBuildFile; fileRef = C5140ECD1CE1DAB800B306FA /* Interval+Dictionary.swift */; };
		C5140F0B1CE1DAB800B306FA /* Overlap+Dictionary.swift in Sources */ = {isa = PBXBuildFile; fileRef = C5140ECE1CE1DAB800B306FA /* Overlap+Dictionary.swift */; };
		C5140F0C1CE1DAB800B306FA /* Overlap+Dictionary.swift in Sources */ = {isa = PBXBuildFile; fileRef = C5140ECE1CE1DAB800B306FA /* Overlap+Dictionary.swift */; };
		C5140F0D1CE1DAB800B306FA /* Overlap+Dictionary.swift in Sources */ = {isa = PBXBuildFile; fileRef = C5140ECE1CE1DAB800B306FA /* Overlap+Dictionary.swift */; };
		C5140F0E1CE1DAB800B306FA /* PlistStorage.swift in Sources */ = {isa = PBXBuildFile; fileRef = C5140ECF1CE1DAB800B306FA /* PlistStorage.swift */; };
		C5140F0F1CE1DAB800B306FA /* PlistStorage.swift in Sources */ = {isa = PBXBuildFile; fileRef = C5140ECF1CE1DAB800B306FA /* PlistStorage.swift */; };
		C5140F101CE1DAB800B306FA /* PlistStorage.swift in Sources */ = {isa = PBXBuildFile; fileRef = C5140ECF1CE1DAB800B306FA /* PlistStorage.swift */; };
		C5140F111CE1DAB800B306FA /* Storage.swift in Sources */ = {isa = PBXBuildFile; fileRef = C5140ED01CE1DAB800B306FA /* Storage.swift */; };
		C5140F121CE1DAB800B306FA /* Storage.swift in Sources */ = {isa = PBXBuildFile; fileRef = C5140ED01CE1DAB800B306FA /* Storage.swift */; };
		C5140F131CE1DAB800B306FA /* Storage.swift in Sources */ = {isa = PBXBuildFile; fileRef = C5140ED01CE1DAB800B306FA /* Storage.swift */; };
		C5140F141CE1DAB800B306FA /* OverlapEditorNavigationController.swift in Sources */ = {isa = PBXBuildFile; fileRef = C5140ED31CE1DAB800B306FA /* OverlapEditorNavigationController.swift */; };
		C5140F151CE1DAB800B306FA /* OverlapEditorNavigationController.swift in Sources */ = {isa = PBXBuildFile; fileRef = C5140ED31CE1DAB800B306FA /* OverlapEditorNavigationController.swift */; };
		C5140F161CE1DAB800B306FA /* OverlapEditorNavigationController.swift in Sources */ = {isa = PBXBuildFile; fileRef = C5140ED31CE1DAB800B306FA /* OverlapEditorNavigationController.swift */; };
		C5140F171CE1DAB800B306FA /* OverlapEditorViewController.swift in Sources */ = {isa = PBXBuildFile; fileRef = C5140ED41CE1DAB800B306FA /* OverlapEditorViewController.swift */; };
		C5140F181CE1DAB800B306FA /* OverlapEditorViewController.swift in Sources */ = {isa = PBXBuildFile; fileRef = C5140ED41CE1DAB800B306FA /* OverlapEditorViewController.swift */; };
		C5140F191CE1DAB800B306FA /* OverlapEditorViewController.swift in Sources */ = {isa = PBXBuildFile; fileRef = C5140ED41CE1DAB800B306FA /* OverlapEditorViewController.swift */; };
		C5140F1A1CE1DAB800B306FA /* OverlapListViewController.swift in Sources */ = {isa = PBXBuildFile; fileRef = C5140ED61CE1DAB800B306FA /* OverlapListViewController.swift */; };
		C5140F1B1CE1DAB800B306FA /* OverlapListViewController.swift in Sources */ = {isa = PBXBuildFile; fileRef = C5140ED61CE1DAB800B306FA /* OverlapListViewController.swift */; };
		C5140F1C1CE1DAB800B306FA /* OverlapListViewController.swift in Sources */ = {isa = PBXBuildFile; fileRef = C5140ED61CE1DAB800B306FA /* OverlapListViewController.swift */; };
		C5140F1D1CE1DAB800B306FA /* TimePickerNavigationController.swift in Sources */ = {isa = PBXBuildFile; fileRef = C5140ED81CE1DAB800B306FA /* TimePickerNavigationController.swift */; };
		C5140F1E1CE1DAB800B306FA /* TimePickerNavigationController.swift in Sources */ = {isa = PBXBuildFile; fileRef = C5140ED81CE1DAB800B306FA /* TimePickerNavigationController.swift */; };
		C5140F1F1CE1DAB800B306FA /* TimePickerNavigationController.swift in Sources */ = {isa = PBXBuildFile; fileRef = C5140ED81CE1DAB800B306FA /* TimePickerNavigationController.swift */; };
		C5140F201CE1DAB800B306FA /* TimePickerViewController.swift in Sources */ = {isa = PBXBuildFile; fileRef = C5140ED91CE1DAB800B306FA /* TimePickerViewController.swift */; };
		C5140F211CE1DAB800B306FA /* TimePickerViewController.swift in Sources */ = {isa = PBXBuildFile; fileRef = C5140ED91CE1DAB800B306FA /* TimePickerViewController.swift */; };
		C5140F221CE1DAB800B306FA /* TimePickerViewController.swift in Sources */ = {isa = PBXBuildFile; fileRef = C5140ED91CE1DAB800B306FA /* TimePickerViewController.swift */; };
		C5140F231CE1DAB800B306FA /* TimezonePickerNavigationController.swift in Sources */ = {isa = PBXBuildFile; fileRef = C5140EDB1CE1DAB800B306FA /* TimezonePickerNavigationController.swift */; };
		C5140F241CE1DAB800B306FA /* TimezonePickerNavigationController.swift in Sources */ = {isa = PBXBuildFile; fileRef = C5140EDB1CE1DAB800B306FA /* TimezonePickerNavigationController.swift */; };
		C5140F251CE1DAB800B306FA /* TimezonePickerNavigationController.swift in Sources */ = {isa = PBXBuildFile; fileRef = C5140EDB1CE1DAB800B306FA /* TimezonePickerNavigationController.swift */; };
		C5140F261CE1DAB800B306FA /* TimezonePickerViewController.swift in Sources */ = {isa = PBXBuildFile; fileRef = C5140EDC1CE1DAB800B306FA /* TimezonePickerViewController.swift */; };
		C5140F271CE1DAB800B306FA /* TimezonePickerViewController.swift in Sources */ = {isa = PBXBuildFile; fileRef = C5140EDC1CE1DAB800B306FA /* TimezonePickerViewController.swift */; };
		C5140F281CE1DAB800B306FA /* TimezonePickerViewController.swift in Sources */ = {isa = PBXBuildFile; fileRef = C5140EDC1CE1DAB800B306FA /* TimezonePickerViewController.swift */; };
		C5140F291CE1DAB800B306FA /* EditButton.swift in Sources */ = {isa = PBXBuildFile; fileRef = C5140EDE1CE1DAB800B306FA /* EditButton.swift */; };
		C5140F2A1CE1DAB800B306FA /* EditButton.swift in Sources */ = {isa = PBXBuildFile; fileRef = C5140EDE1CE1DAB800B306FA /* EditButton.swift */; };
		C5140F2B1CE1DAB800B306FA /* EditButton.swift in Sources */ = {isa = PBXBuildFile; fileRef = C5140EDE1CE1DAB800B306FA /* EditButton.swift */; };
		C5140F2C1CE1DAB800B306FA /* HorizontalLineView.swift in Sources */ = {isa = PBXBuildFile; fileRef = C5140EDF1CE1DAB800B306FA /* HorizontalLineView.swift */; };
		C5140F2D1CE1DAB800B306FA /* HorizontalLineView.swift in Sources */ = {isa = PBXBuildFile; fileRef = C5140EDF1CE1DAB800B306FA /* HorizontalLineView.swift */; };
		C5140F2E1CE1DAB800B306FA /* HorizontalLineView.swift in Sources */ = {isa = PBXBuildFile; fileRef = C5140EDF1CE1DAB800B306FA /* HorizontalLineView.swift */; };
		C5140F2F1CE1DAB800B306FA /* OverlapCell.swift in Sources */ = {isa = PBXBuildFile; fileRef = C5140EE01CE1DAB800B306FA /* OverlapCell.swift */; };
		C5140F301CE1DAB800B306FA /* OverlapCell.swift in Sources */ = {isa = PBXBuildFile; fileRef = C5140EE01CE1DAB800B306FA /* OverlapCell.swift */; };
		C5140F311CE1DAB800B306FA /* OverlapCell.swift in Sources */ = {isa = PBXBuildFile; fileRef = C5140EE01CE1DAB800B306FA /* OverlapCell.swift */; };
		C5140F321CE1DAB800B306FA /* OverlapView.swift in Sources */ = {isa = PBXBuildFile; fileRef = C5140EE11CE1DAB800B306FA /* OverlapView.swift */; };
		C5140F331CE1DAB800B306FA /* OverlapView.swift in Sources */ = {isa = PBXBuildFile; fileRef = C5140EE11CE1DAB800B306FA /* OverlapView.swift */; };
		C5140F341CE1DAB800B306FA /* OverlapView.swift in Sources */ = {isa = PBXBuildFile; fileRef = C5140EE11CE1DAB800B306FA /* OverlapView.swift */; };
		C5140F351CE1DAB800B306FA /* RoundedView.swift in Sources */ = {isa = PBXBuildFile; fileRef = C5140EE21CE1DAB800B306FA /* RoundedView.swift */; };
		C5140F361CE1DAB800B306FA /* RoundedView.swift in Sources */ = {isa = PBXBuildFile; fileRef = C5140EE21CE1DAB800B306FA /* RoundedView.swift */; };
		C5140F371CE1DAB800B306FA /* RoundedView.swift in Sources */ = {isa = PBXBuildFile; fileRef = C5140EE21CE1DAB800B306FA /* RoundedView.swift */; };
		C5140F381CE1DAB800B306FA /* TimezoneCell.swift in Sources */ = {isa = PBXBuildFile; fileRef = C5140EE31CE1DAB800B306FA /* TimezoneCell.swift */; };
		C5140F391CE1DAB800B306FA /* TimezoneCell.swift in Sources */ = {isa = PBXBuildFile; fileRef = C5140EE31CE1DAB800B306FA /* TimezoneCell.swift */; };
		C5140F3A1CE1DAB800B306FA /* TimezoneCell.swift in Sources */ = {isa = PBXBuildFile; fileRef = C5140EE31CE1DAB800B306FA /* TimezoneCell.swift */; };
		C5140F3F1CE1E29900B306FA /* IntervalEditorTests.swift in Sources */ = {isa = PBXBuildFile; fileRef = C5140F3C1CE1E29900B306FA /* IntervalEditorTests.swift */; };
		C5140F401CE1E29900B306FA /* IntervalEditorTests.swift in Sources */ = {isa = PBXBuildFile; fileRef = C5140F3C1CE1E29900B306FA /* IntervalEditorTests.swift */; };
		C5140F411CE1E29900B306FA /* IntervalEditorTests.swift in Sources */ = {isa = PBXBuildFile; fileRef = C5140F3C1CE1E29900B306FA /* IntervalEditorTests.swift */; };
		C5140F421CE1E29900B306FA /* OverlapEditorTests.swift in Sources */ = {isa = PBXBuildFile; fileRef = C5140F3D1CE1E29900B306FA /* OverlapEditorTests.swift */; };
		C5140F431CE1E29900B306FA /* OverlapEditorTests.swift in Sources */ = {isa = PBXBuildFile; fileRef = C5140F3D1CE1E29900B306FA /* OverlapEditorTests.swift */; };
		C5140F441CE1E29900B306FA /* OverlapEditorTests.swift in Sources */ = {isa = PBXBuildFile; fileRef = C5140F3D1CE1E29900B306FA /* OverlapEditorTests.swift */; };
		C5140F451CE1E29900B306FA /* OverlapTests.swift in Sources */ = {isa = PBXBuildFile; fileRef = C5140F3E1CE1E29900B306FA /* OverlapTests.swift */; };
		C5140F461CE1E29900B306FA /* OverlapTests.swift in Sources */ = {isa = PBXBuildFile; fileRef = C5140F3E1CE1E29900B306FA /* OverlapTests.swift */; };
		C5140F471CE1E29900B306FA /* OverlapTests.swift in Sources */ = {isa = PBXBuildFile; fileRef = C5140F3E1CE1E29900B306FA /* OverlapTests.swift */; };
		C5140F4A1CE1E31600B306FA /* OverlapUITests.swift in Sources */ = {isa = PBXBuildFile; fileRef = C5140F491CE1E31600B306FA /* OverlapUITests.swift */; };
		C5140F4B1CE1E31600B306FA /* OverlapUITests.swift in Sources */ = {isa = PBXBuildFile; fileRef = C5140F491CE1E31600B306FA /* OverlapUITests.swift */; };
		C5140F4C1CE1E31600B306FA /* OverlapUITests.swift in Sources */ = {isa = PBXBuildFile; fileRef = C5140F491CE1E31600B306FA /* OverlapUITests.swift */; };
/* End PBXBuildFile section */

/* Begin PBXContainerItemProxy section */
		C5140E1E1CE1D80D00B306FA /* PBXContainerItemProxy */ = {
			isa = PBXContainerItemProxy;
			containerPortal = C5140E011CE1D80D00B306FA /* Project object */;
			proxyType = 1;
			remoteGlobalIDString = C5140E081CE1D80D00B306FA;
			remoteInfo = Overlap;
		};
		C5140E291CE1D80D00B306FA /* PBXContainerItemProxy */ = {
			isa = PBXContainerItemProxy;
			containerPortal = C5140E011CE1D80D00B306FA /* Project object */;
			proxyType = 1;
			remoteGlobalIDString = C5140E081CE1D80D00B306FA;
			remoteInfo = Overlap;
		};
		C5140E6E1CE1D8B700B306FA /* PBXContainerItemProxy */ = {
			isa = PBXContainerItemProxy;
			containerPortal = C5140E011CE1D80D00B306FA /* Project object */;
			proxyType = 1;
			remoteGlobalIDString = C5140E591CE1D8B700B306FA;
			remoteInfo = "Overlap Alpha";
		};
		C5140E791CE1D8B700B306FA /* PBXContainerItemProxy */ = {
			isa = PBXContainerItemProxy;
			containerPortal = C5140E011CE1D80D00B306FA /* Project object */;
			proxyType = 1;
			remoteGlobalIDString = C5140E591CE1D8B700B306FA;
			remoteInfo = "Overlap Alpha";
		};
		C5140EA01CE1D8C700B306FA /* PBXContainerItemProxy */ = {
			isa = PBXContainerItemProxy;
			containerPortal = C5140E011CE1D80D00B306FA /* Project object */;
			proxyType = 1;
			remoteGlobalIDString = C5140E8B1CE1D8C700B306FA;
			remoteInfo = "Overlap Beta";
		};
		C5140EAB1CE1D8C700B306FA /* PBXContainerItemProxy */ = {
			isa = PBXContainerItemProxy;
			containerPortal = C5140E011CE1D80D00B306FA /* Project object */;
			proxyType = 1;
			remoteGlobalIDString = C5140E8B1CE1D8C700B306FA;
			remoteInfo = "Overlap Beta";
		};
/* End PBXContainerItemProxy section */

/* Begin PBXFileReference section */
		C5140E091CE1D80D00B306FA /* Overlap.app */ = {isa = PBXFileReference; explicitFileType = wrapper.application; includeInIndex = 0; path = Overlap.app; sourceTree = BUILT_PRODUCTS_DIR; };
		C5140E131CE1D80D00B306FA /* Assets.xcassets */ = {isa = PBXFileReference; lastKnownFileType = folder.assetcatalog; path = Assets.xcassets; sourceTree = "<group>"; };
		C5140E181CE1D80D00B306FA /* Info.plist */ = {isa = PBXFileReference; lastKnownFileType = text.plist.xml; path = Info.plist; sourceTree = "<group>"; };
		C5140E1D1CE1D80D00B306FA /* OverlapTests.xctest */ = {isa = PBXFileReference; explicitFileType = wrapper.cfbundle; includeInIndex = 0; path = OverlapTests.xctest; sourceTree = BUILT_PRODUCTS_DIR; };
		C5140E231CE1D80D00B306FA /* Info.plist */ = {isa = PBXFileReference; lastKnownFileType = text.plist.xml; path = Info.plist; sourceTree = "<group>"; };
		C5140E281CE1D80D00B306FA /* OverlapUITests.xctest */ = {isa = PBXFileReference; explicitFileType = wrapper.cfbundle; includeInIndex = 0; path = OverlapUITests.xctest; sourceTree = BUILT_PRODUCTS_DIR; };
		C5140E2E1CE1D80D00B306FA /* Info.plist */ = {isa = PBXFileReference; lastKnownFileType = text.plist.xml; path = Info.plist; sourceTree = "<group>"; };
		C5140E5A1CE1D8B700B306FA /* Overlap Alpha.app */ = {isa = PBXFileReference; explicitFileType = wrapper.application; includeInIndex = 0; path = "Overlap Alpha.app"; sourceTree = BUILT_PRODUCTS_DIR; };
		C5140E631CE1D8B700B306FA /* Assets.xcassets */ = {isa = PBXFileReference; lastKnownFileType = folder.assetcatalog; path = Assets.xcassets; sourceTree = "<group>"; };
		C5140E681CE1D8B700B306FA /* Info.plist */ = {isa = PBXFileReference; lastKnownFileType = text.plist.xml; path = Info.plist; sourceTree = "<group>"; };
		C5140E6D1CE1D8B700B306FA /* Overlap AlphaTests.xctest */ = {isa = PBXFileReference; explicitFileType = wrapper.cfbundle; includeInIndex = 0; path = "Overlap AlphaTests.xctest"; sourceTree = BUILT_PRODUCTS_DIR; };
		C5140E731CE1D8B700B306FA /* Info.plist */ = {isa = PBXFileReference; lastKnownFileType = text.plist.xml; path = Info.plist; sourceTree = "<group>"; };
		C5140E781CE1D8B700B306FA /* Overlap AlphaUITests.xctest */ = {isa = PBXFileReference; explicitFileType = wrapper.cfbundle; includeInIndex = 0; path = "Overlap AlphaUITests.xctest"; sourceTree = BUILT_PRODUCTS_DIR; };
		C5140E7E1CE1D8B700B306FA /* Info.plist */ = {isa = PBXFileReference; lastKnownFileType = text.plist.xml; path = Info.plist; sourceTree = "<group>"; };
		C5140E8C1CE1D8C700B306FA /* Overlap Beta.app */ = {isa = PBXFileReference; explicitFileType = wrapper.application; includeInIndex = 0; path = "Overlap Beta.app"; sourceTree = BUILT_PRODUCTS_DIR; };
		C5140E951CE1D8C700B306FA /* Assets.xcassets */ = {isa = PBXFileReference; lastKnownFileType = folder.assetcatalog; path = Assets.xcassets; sourceTree = "<group>"; };
		C5140E9A1CE1D8C700B306FA /* Info.plist */ = {isa = PBXFileReference; lastKnownFileType = text.plist.xml; path = Info.plist; sourceTree = "<group>"; };
		C5140E9F1CE1D8C700B306FA /* Overlap BetaTests.xctest */ = {isa = PBXFileReference; explicitFileType = wrapper.cfbundle; includeInIndex = 0; path = "Overlap BetaTests.xctest"; sourceTree = BUILT_PRODUCTS_DIR; };
		C5140EA51CE1D8C700B306FA /* Info.plist */ = {isa = PBXFileReference; lastKnownFileType = text.plist.xml; path = Info.plist; sourceTree = "<group>"; };
		C5140EAA1CE1D8C700B306FA /* Overlap BetaUITests.xctest */ = {isa = PBXFileReference; explicitFileType = wrapper.cfbundle; includeInIndex = 0; path = "Overlap BetaUITests.xctest"; sourceTree = BUILT_PRODUCTS_DIR; };
		C5140EB01CE1D8C700B306FA /* Info.plist */ = {isa = PBXFileReference; lastKnownFileType = text.plist.xml; path = Info.plist; sourceTree = "<group>"; };
		C5140EBB1CE1DAB800B306FA /* AppDelegate.swift */ = {isa = PBXFileReference; fileEncoding = 4; lastKnownFileType = sourcecode.swift; path = AppDelegate.swift; sourceTree = "<group>"; };
		C5140EBD1CE1DAB800B306FA /* DataManager.swift */ = {isa = PBXFileReference; fileEncoding = 4; lastKnownFileType = sourcecode.swift; path = DataManager.swift; sourceTree = "<group>"; };
		C5140EBE1CE1DAB800B306FA /* Interval.swift */ = {isa = PBXFileReference; fileEncoding = 4; lastKnownFileType = sourcecode.swift; path = Interval.swift; sourceTree = "<group>"; };
		C5140EBF1CE1DAB800B306FA /* Overlap.swift */ = {isa = PBXFileReference; fileEncoding = 4; lastKnownFileType = sourcecode.swift; path = Overlap.swift; sourceTree = "<group>"; };
		C5140EC11CE1DAB800B306FA /* Crashlytics.framework */ = {isa = PBXFileReference; lastKnownFileType = wrapper.framework; path = Crashlytics.framework; sourceTree = "<group>"; };
		C5140EC21CE1DAB800B306FA /* Fabric.framework */ = {isa = PBXFileReference; lastKnownFileType = wrapper.framework; path = Fabric.framework; sourceTree = "<group>"; };
		C5140EC41CE1DAB800B306FA /* IntervalEditor.swift */ = {isa = PBXFileReference; fileEncoding = 4; lastKnownFileType = sourcecode.swift; path = IntervalEditor.swift; sourceTree = "<group>"; };
		C5140EC51CE1DAB800B306FA /* OverlapEditor.swift */ = {isa = PBXFileReference; fileEncoding = 4; lastKnownFileType = sourcecode.swift; path = OverlapEditor.swift; sourceTree = "<group>"; };
		C5140EC71CE1DAB800B306FA /* Double+Time.swift */ = {isa = PBXFileReference; fileEncoding = 4; lastKnownFileType = sourcecode.swift; path = "Double+Time.swift"; sourceTree = "<group>"; };
		C5140EC81CE1DAB800B306FA /* UIStoryboardSegue+Identifier.swift */ = {isa = PBXFileReference; fileEncoding = 4; lastKnownFileType = sourcecode.swift; path = "UIStoryboardSegue+Identifier.swift"; sourceTree = "<group>"; };
		C5140EC91CE1DAB800B306FA /* LaunchScreen.storyboard */ = {isa = PBXFileReference; fileEncoding = 4; lastKnownFileType = file.storyboard; path = LaunchScreen.storyboard; sourceTree = "<group>"; };
		C5140ECA1CE1DAB800B306FA /* Main.storyboard */ = {isa = PBXFileReference; fileEncoding = 4; lastKnownFileType = file.storyboard; path = Main.storyboard; sourceTree = "<group>"; };
		C5140ECD1CE1DAB800B306FA /* Interval+Dictionary.swift */ = {isa = PBXFileReference; fileEncoding = 4; lastKnownFileType = sourcecode.swift; path = "Interval+Dictionary.swift"; sourceTree = "<group>"; };
		C5140ECE1CE1DAB800B306FA /* Overlap+Dictionary.swift */ = {isa = PBXFileReference; fileEncoding = 4; lastKnownFileType = sourcecode.swift; path = "Overlap+Dictionary.swift"; sourceTree = "<group>"; };
		C5140ECF1CE1DAB800B306FA /* PlistStorage.swift */ = {isa = PBXFileReference; fileEncoding = 4; lastKnownFileType = sourcecode.swift; path = PlistStorage.swift; sourceTree = "<group>"; };
		C5140ED01CE1DAB800B306FA /* Storage.swift */ = {isa = PBXFileReference; fileEncoding = 4; lastKnownFileType = sourcecode.swift; path = Storage.swift; sourceTree = "<group>"; };
		C5140ED31CE1DAB800B306FA /* OverlapEditorNavigationController.swift */ = {isa = PBXFileReference; fileEncoding = 4; lastKnownFileType = sourcecode.swift; path = OverlapEditorNavigationController.swift; sourceTree = "<group>"; };
		C5140ED41CE1DAB800B306FA /* OverlapEditorViewController.swift */ = {isa = PBXFileReference; fileEncoding = 4; lastKnownFileType = sourcecode.swift; path = OverlapEditorViewController.swift; sourceTree = "<group>"; };
		C5140ED61CE1DAB800B306FA /* OverlapListViewController.swift */ = {isa = PBXFileReference; fileEncoding = 4; lastKnownFileType = sourcecode.swift; path = OverlapListViewController.swift; sourceTree = "<group>"; };
		C5140ED81CE1DAB800B306FA /* TimePickerNavigationController.swift */ = {isa = PBXFileReference; fileEncoding = 4; lastKnownFileType = sourcecode.swift; path = TimePickerNavigationController.swift; sourceTree = "<group>"; };
		C5140ED91CE1DAB800B306FA /* TimePickerViewController.swift */ = {isa = PBXFileReference; fileEncoding = 4; lastKnownFileType = sourcecode.swift; path = TimePickerViewController.swift; sourceTree = "<group>"; };
		C5140EDB1CE1DAB800B306FA /* TimezonePickerNavigationController.swift */ = {isa = PBXFileReference; fileEncoding = 4; lastKnownFileType = sourcecode.swift; path = TimezonePickerNavigationController.swift; sourceTree = "<group>"; };
		C5140EDC1CE1DAB800B306FA /* TimezonePickerViewController.swift */ = {isa = PBXFileReference; fileEncoding = 4; lastKnownFileType = sourcecode.swift; path = TimezonePickerViewController.swift; sourceTree = "<group>"; };
		C5140EDE1CE1DAB800B306FA /* EditButton.swift */ = {isa = PBXFileReference; fileEncoding = 4; lastKnownFileType = sourcecode.swift; path = EditButton.swift; sourceTree = "<group>"; };
		C5140EDF1CE1DAB800B306FA /* HorizontalLineView.swift */ = {isa = PBXFileReference; fileEncoding = 4; lastKnownFileType = sourcecode.swift; path = HorizontalLineView.swift; sourceTree = "<group>"; };
		C5140EE01CE1DAB800B306FA /* OverlapCell.swift */ = {isa = PBXFileReference; fileEncoding = 4; lastKnownFileType = sourcecode.swift; path = OverlapCell.swift; sourceTree = "<group>"; };
		C5140EE11CE1DAB800B306FA /* OverlapView.swift */ = {isa = PBXFileReference; fileEncoding = 4; lastKnownFileType = sourcecode.swift; path = OverlapView.swift; sourceTree = "<group>"; };
		C5140EE21CE1DAB800B306FA /* RoundedView.swift */ = {isa = PBXFileReference; fileEncoding = 4; lastKnownFileType = sourcecode.swift; path = RoundedView.swift; sourceTree = "<group>"; };
		C5140EE31CE1DAB800B306FA /* TimezoneCell.swift */ = {isa = PBXFileReference; fileEncoding = 4; lastKnownFileType = sourcecode.swift; path = TimezoneCell.swift; sourceTree = "<group>"; };
		C5140F3C1CE1E29900B306FA /* IntervalEditorTests.swift */ = {isa = PBXFileReference; fileEncoding = 4; lastKnownFileType = sourcecode.swift; path = IntervalEditorTests.swift; sourceTree = "<group>"; };
		C5140F3D1CE1E29900B306FA /* OverlapEditorTests.swift */ = {isa = PBXFileReference; fileEncoding = 4; lastKnownFileType = sourcecode.swift; path = OverlapEditorTests.swift; sourceTree = "<group>"; };
		C5140F3E1CE1E29900B306FA /* OverlapTests.swift */ = {isa = PBXFileReference; fileEncoding = 4; lastKnownFileType = sourcecode.swift; path = OverlapTests.swift; sourceTree = "<group>"; };
		C5140F491CE1E31600B306FA /* OverlapUITests.swift */ = {isa = PBXFileReference; fileEncoding = 4; lastKnownFileType = sourcecode.swift; path = OverlapUITests.swift; sourceTree = "<group>"; };
/* End PBXFileReference section */

/* Begin PBXFrameworksBuildPhase section */
		C5140E061CE1D80D00B306FA /* Frameworks */ = {
			isa = PBXFrameworksBuildPhase;
			buildActionMask = 2147483647;
			files = (
				C5140EF01CE1DAB800B306FA /* Crashlytics.framework in Frameworks */,
				C5140EF31CE1DAB800B306FA /* Fabric.framework in Frameworks */,
			);
			runOnlyForDeploymentPostprocessing = 0;
		};
		C5140E1A1CE1D80D00B306FA /* Frameworks */ = {
			isa = PBXFrameworksBuildPhase;
			buildActionMask = 2147483647;
			files = (
			);
			runOnlyForDeploymentPostprocessing = 0;
		};
		C5140E251CE1D80D00B306FA /* Frameworks */ = {
			isa = PBXFrameworksBuildPhase;
			buildActionMask = 2147483647;
			files = (
			);
			runOnlyForDeploymentPostprocessing = 0;
		};
		C5140E571CE1D8B700B306FA /* Frameworks */ = {
			isa = PBXFrameworksBuildPhase;
			buildActionMask = 2147483647;
			files = (
				C5140EF11CE1DAB800B306FA /* Crashlytics.framework in Frameworks */,
				C5140EF41CE1DAB800B306FA /* Fabric.framework in Frameworks */,
			);
			runOnlyForDeploymentPostprocessing = 0;
		};
		C5140E6A1CE1D8B700B306FA /* Frameworks */ = {
			isa = PBXFrameworksBuildPhase;
			buildActionMask = 2147483647;
			files = (
			);
			runOnlyForDeploymentPostprocessing = 0;
		};
		C5140E751CE1D8B700B306FA /* Frameworks */ = {
			isa = PBXFrameworksBuildPhase;
			buildActionMask = 2147483647;
			files = (
			);
			runOnlyForDeploymentPostprocessing = 0;
		};
		C5140E891CE1D8C700B306FA /* Frameworks */ = {
			isa = PBXFrameworksBuildPhase;
			buildActionMask = 2147483647;
			files = (
				C5140EF21CE1DAB800B306FA /* Crashlytics.framework in Frameworks */,
				C5140EF51CE1DAB800B306FA /* Fabric.framework in Frameworks */,
			);
			runOnlyForDeploymentPostprocessing = 0;
		};
		C5140E9C1CE1D8C700B306FA /* Frameworks */ = {
			isa = PBXFrameworksBuildPhase;
			buildActionMask = 2147483647;
			files = (
			);
			runOnlyForDeploymentPostprocessing = 0;
		};
		C5140EA71CE1D8C700B306FA /* Frameworks */ = {
			isa = PBXFrameworksBuildPhase;
			buildActionMask = 2147483647;
			files = (
			);
			runOnlyForDeploymentPostprocessing = 0;
		};
/* End PBXFrameworksBuildPhase section */

/* Begin PBXGroup section */
		C5140E001CE1D80D00B306FA = {
			isa = PBXGroup;
			children = (
				C5140EBA1CE1DAB800B306FA /* App */,
				C5140F3B1CE1E29900B306FA /* Tests */,
				C5140F481CE1E31600B306FA /* UITests */,
				C5140E0B1CE1D80D00B306FA /* Overlap */,
				C5140E201CE1D80D00B306FA /* OverlapTests */,
				C5140E2B1CE1D80D00B306FA /* OverlapUITests */,
				C5140E5B1CE1D8B700B306FA /* Overlap Alpha */,
				C5140E701CE1D8B700B306FA /* Overlap AlphaTests */,
				C5140E7B1CE1D8B700B306FA /* Overlap AlphaUITests */,
				C5140E8D1CE1D8C700B306FA /* Overlap Beta */,
				C5140EA21CE1D8C700B306FA /* Overlap BetaTests */,
				C5140EAD1CE1D8C700B306FA /* Overlap BetaUITests */,
				C5140E0A1CE1D80D00B306FA /* Products */,
			);
			sourceTree = "<group>";
		};
		C5140E0A1CE1D80D00B306FA /* Products */ = {
			isa = PBXGroup;
			children = (
				C5140E091CE1D80D00B306FA /* Overlap.app */,
				C5140E1D1CE1D80D00B306FA /* OverlapTests.xctest */,
				C5140E281CE1D80D00B306FA /* OverlapUITests.xctest */,
				C5140E5A1CE1D8B700B306FA /* Overlap Alpha.app */,
				C5140E6D1CE1D8B700B306FA /* Overlap AlphaTests.xctest */,
				C5140E781CE1D8B700B306FA /* Overlap AlphaUITests.xctest */,
				C5140E8C1CE1D8C700B306FA /* Overlap Beta.app */,
				C5140E9F1CE1D8C700B306FA /* Overlap BetaTests.xctest */,
				C5140EAA1CE1D8C700B306FA /* Overlap BetaUITests.xctest */,
			);
			name = Products;
			sourceTree = "<group>";
		};
		C5140E0B1CE1D80D00B306FA /* Overlap */ = {
			isa = PBXGroup;
			children = (
				C5140E131CE1D80D00B306FA /* Assets.xcassets */,
				C5140E181CE1D80D00B306FA /* Info.plist */,
			);
			path = Overlap;
			sourceTree = "<group>";
		};
		C5140E201CE1D80D00B306FA /* OverlapTests */ = {
			isa = PBXGroup;
			children = (
				C5140E231CE1D80D00B306FA /* Info.plist */,
			);
			path = OverlapTests;
			sourceTree = "<group>";
		};
		C5140E2B1CE1D80D00B306FA /* OverlapUITests */ = {
			isa = PBXGroup;
			children = (
				C5140E2E1CE1D80D00B306FA /* Info.plist */,
			);
			path = OverlapUITests;
			sourceTree = "<group>";
		};
		C5140E5B1CE1D8B700B306FA /* Overlap Alpha */ = {
			isa = PBXGroup;
			children = (
				C5140E631CE1D8B700B306FA /* Assets.xcassets */,
				C5140E681CE1D8B700B306FA /* Info.plist */,
			);
			path = "Overlap Alpha";
			sourceTree = "<group>";
		};
		C5140E701CE1D8B700B306FA /* Overlap AlphaTests */ = {
			isa = PBXGroup;
			children = (
				C5140E731CE1D8B700B306FA /* Info.plist */,
			);
			path = "Overlap AlphaTests";
			sourceTree = "<group>";
		};
		C5140E7B1CE1D8B700B306FA /* Overlap AlphaUITests */ = {
			isa = PBXGroup;
			children = (
				C5140E7E1CE1D8B700B306FA /* Info.plist */,
			);
			path = "Overlap AlphaUITests";
			sourceTree = "<group>";
		};
		C5140E8D1CE1D8C700B306FA /* Overlap Beta */ = {
			isa = PBXGroup;
			children = (
				C5140E951CE1D8C700B306FA /* Assets.xcassets */,
				C5140E9A1CE1D8C700B306FA /* Info.plist */,
			);
			path = "Overlap Beta";
			sourceTree = "<group>";
		};
		C5140EA21CE1D8C700B306FA /* Overlap BetaTests */ = {
			isa = PBXGroup;
			children = (
				C5140EA51CE1D8C700B306FA /* Info.plist */,
			);
			path = "Overlap BetaTests";
			sourceTree = "<group>";
		};
		C5140EAD1CE1D8C700B306FA /* Overlap BetaUITests */ = {
			isa = PBXGroup;
			children = (
				C5140EB01CE1D8C700B306FA /* Info.plist */,
			);
			path = "Overlap BetaUITests";
			sourceTree = "<group>";
		};
		C5140EBA1CE1DAB800B306FA /* App */ = {
			isa = PBXGroup;
			children = (
				C5140EBB1CE1DAB800B306FA /* AppDelegate.swift */,
				C5140EBC1CE1DAB800B306FA /* Data */,
				C5140EC01CE1DAB800B306FA /* Dependencies */,
				C5140EC31CE1DAB800B306FA /* Editors */,
				C5140EC61CE1DAB800B306FA /* Extensions */,
				C5140EC91CE1DAB800B306FA /* LaunchScreen.storyboard */,
				C5140ECA1CE1DAB800B306FA /* Main.storyboard */,
				C5140ECB1CE1DAB800B306FA /* Storage */,
				C5140ED11CE1DAB800B306FA /* View Controllers */,
				C5140EDD1CE1DAB800B306FA /* Views */,
			);
			path = App;
			sourceTree = "<group>";
		};
		C5140EBC1CE1DAB800B306FA /* Data */ = {
			isa = PBXGroup;
			children = (
				C5140EBD1CE1DAB800B306FA /* DataManager.swift */,
				C5140EBE1CE1DAB800B306FA /* Interval.swift */,
				C5140EBF1CE1DAB800B306FA /* Overlap.swift */,
			);
			path = Data;
			sourceTree = "<group>";
		};
		C5140EC01CE1DAB800B306FA /* Dependencies */ = {
			isa = PBXGroup;
			children = (
				C5140EC11CE1DAB800B306FA /* Crashlytics.framework */,
				C5140EC21CE1DAB800B306FA /* Fabric.framework */,
			);
			path = Dependencies;
			sourceTree = "<group>";
		};
		C5140EC31CE1DAB800B306FA /* Editors */ = {
			isa = PBXGroup;
			children = (
				C5140EC41CE1DAB800B306FA /* IntervalEditor.swift */,
				C5140EC51CE1DAB800B306FA /* OverlapEditor.swift */,
			);
			path = Editors;
			sourceTree = "<group>";
		};
		C5140EC61CE1DAB800B306FA /* Extensions */ = {
			isa = PBXGroup;
			children = (
				C5140EC71CE1DAB800B306FA /* Double+Time.swift */,
				C5140EC81CE1DAB800B306FA /* UIStoryboardSegue+Identifier.swift */,
			);
			path = Extensions;
			sourceTree = "<group>";
		};
		C5140ECB1CE1DAB800B306FA /* Storage */ = {
			isa = PBXGroup;
			children = (
				C5140ECC1CE1DAB800B306FA /* Json */,
				C5140ED01CE1DAB800B306FA /* Storage.swift */,
			);
			path = Storage;
			sourceTree = "<group>";
		};
		C5140ECC1CE1DAB800B306FA /* Json */ = {
			isa = PBXGroup;
			children = (
				C5140ECD1CE1DAB800B306FA /* Interval+Dictionary.swift */,
				C5140ECE1CE1DAB800B306FA /* Overlap+Dictionary.swift */,
				C5140ECF1CE1DAB800B306FA /* PlistStorage.swift */,
			);
			path = Json;
			sourceTree = "<group>";
		};
		C5140ED11CE1DAB800B306FA /* View Controllers */ = {
			isa = PBXGroup;
			children = (
				C5140ED21CE1DAB800B306FA /* OverlapEditor */,
				C5140ED51CE1DAB800B306FA /* OverlapList */,
				C5140ED71CE1DAB800B306FA /* TimePicker */,
				C5140EDA1CE1DAB800B306FA /* TimezonePicker */,
			);
			path = "View Controllers";
			sourceTree = "<group>";
		};
		C5140ED21CE1DAB800B306FA /* OverlapEditor */ = {
			isa = PBXGroup;
			children = (
				C5140ED31CE1DAB800B306FA /* OverlapEditorNavigationController.swift */,
				C5140ED41CE1DAB800B306FA /* OverlapEditorViewController.swift */,
			);
			path = OverlapEditor;
			sourceTree = "<group>";
		};
		C5140ED51CE1DAB800B306FA /* OverlapList */ = {
			isa = PBXGroup;
			children = (
				C5140ED61CE1DAB800B306FA /* OverlapListViewController.swift */,
			);
			path = OverlapList;
			sourceTree = "<group>";
		};
		C5140ED71CE1DAB800B306FA /* TimePicker */ = {
			isa = PBXGroup;
			children = (
				C5140ED81CE1DAB800B306FA /* TimePickerNavigationController.swift */,
				C5140ED91CE1DAB800B306FA /* TimePickerViewController.swift */,
			);
			path = TimePicker;
			sourceTree = "<group>";
		};
		C5140EDA1CE1DAB800B306FA /* TimezonePicker */ = {
			isa = PBXGroup;
			children = (
				C5140EDB1CE1DAB800B306FA /* TimezonePickerNavigationController.swift */,
				C5140EDC1CE1DAB800B306FA /* TimezonePickerViewController.swift */,
			);
			path = TimezonePicker;
			sourceTree = "<group>";
		};
		C5140EDD1CE1DAB800B306FA /* Views */ = {
			isa = PBXGroup;
			children = (
				C5140EDE1CE1DAB800B306FA /* EditButton.swift */,
				C5140EDF1CE1DAB800B306FA /* HorizontalLineView.swift */,
				C5140EE01CE1DAB800B306FA /* OverlapCell.swift */,
				C5140EE11CE1DAB800B306FA /* OverlapView.swift */,
				C5140EE21CE1DAB800B306FA /* RoundedView.swift */,
				C5140EE31CE1DAB800B306FA /* TimezoneCell.swift */,
			);
			path = Views;
			sourceTree = "<group>";
		};
		C5140F3B1CE1E29900B306FA /* Tests */ = {
			isa = PBXGroup;
			children = (
				C5140F3C1CE1E29900B306FA /* IntervalEditorTests.swift */,
				C5140F3D1CE1E29900B306FA /* OverlapEditorTests.swift */,
				C5140F3E1CE1E29900B306FA /* OverlapTests.swift */,
			);
			path = Tests;
			sourceTree = "<group>";
		};
		C5140F481CE1E31600B306FA /* UITests */ = {
			isa = PBXGroup;
			children = (
				C5140F491CE1E31600B306FA /* OverlapUITests.swift */,
			);
			path = UITests;
			sourceTree = "<group>";
		};
/* End PBXGroup section */

/* Begin PBXNativeTarget section */
		C5140E081CE1D80D00B306FA /* Overlap */ = {
			isa = PBXNativeTarget;
			buildConfigurationList = C5140E311CE1D80D00B306FA /* Build configuration list for PBXNativeTarget "Overlap" */;
			buildPhases = (
				C5140E051CE1D80D00B306FA /* Sources */,
				C5140E061CE1D80D00B306FA /* Frameworks */,
				C5140E071CE1D80D00B306FA /* Resources */,
			);
			buildRules = (
			);
			dependencies = (
			);
			name = Overlap;
			productName = Overlap;
			productReference = C5140E091CE1D80D00B306FA /* Overlap.app */;
			productType = "com.apple.product-type.application";
		};
		C5140E1C1CE1D80D00B306FA /* OverlapTests */ = {
			isa = PBXNativeTarget;
			buildConfigurationList = C5140E341CE1D80D00B306FA /* Build configuration list for PBXNativeTarget "OverlapTests" */;
			buildPhases = (
				C5140E191CE1D80D00B306FA /* Sources */,
				C5140E1A1CE1D80D00B306FA /* Frameworks */,
				C5140E1B1CE1D80D00B306FA /* Resources */,
			);
			buildRules = (
			);
			dependencies = (
				C5140E1F1CE1D80D00B306FA /* PBXTargetDependency */,
			);
			name = OverlapTests;
			productName = OverlapTests;
			productReference = C5140E1D1CE1D80D00B306FA /* OverlapTests.xctest */;
			productType = "com.apple.product-type.bundle.unit-test";
		};
		C5140E271CE1D80D00B306FA /* OverlapUITests */ = {
			isa = PBXNativeTarget;
			buildConfigurationList = C5140E371CE1D80D00B306FA /* Build configuration list for PBXNativeTarget "OverlapUITests" */;
			buildPhases = (
				C5140E241CE1D80D00B306FA /* Sources */,
				C5140E251CE1D80D00B306FA /* Frameworks */,
				C5140E261CE1D80D00B306FA /* Resources */,
			);
			buildRules = (
			);
			dependencies = (
				C5140E2A1CE1D80D00B306FA /* PBXTargetDependency */,
			);
			name = OverlapUITests;
			productName = OverlapUITests;
			productReference = C5140E281CE1D80D00B306FA /* OverlapUITests.xctest */;
			productType = "com.apple.product-type.bundle.ui-testing";
		};
		C5140E591CE1D8B700B306FA /* Overlap Alpha */ = {
			isa = PBXNativeTarget;
			buildConfigurationList = C5140E7F1CE1D8B700B306FA /* Build configuration list for PBXNativeTarget "Overlap Alpha" */;
			buildPhases = (
				C5140E561CE1D8B700B306FA /* Sources */,
				C5140E571CE1D8B700B306FA /* Frameworks */,
				C5140E581CE1D8B700B306FA /* Resources */,
			);
			buildRules = (
			);
			dependencies = (
			);
			name = "Overlap Alpha";
			productName = "Overlap Alpha";
			productReference = C5140E5A1CE1D8B700B306FA /* Overlap Alpha.app */;
			productType = "com.apple.product-type.application";
		};
		C5140E6C1CE1D8B700B306FA /* Overlap AlphaTests */ = {
			isa = PBXNativeTarget;
			buildConfigurationList = C5140E821CE1D8B800B306FA /* Build configuration list for PBXNativeTarget "Overlap AlphaTests" */;
			buildPhases = (
				C5140E691CE1D8B700B306FA /* Sources */,
				C5140E6A1CE1D8B700B306FA /* Frameworks */,
				C5140E6B1CE1D8B700B306FA /* Resources */,
			);
			buildRules = (
			);
			dependencies = (
				C5140E6F1CE1D8B700B306FA /* PBXTargetDependency */,
			);
			name = "Overlap AlphaTests";
			productName = "Overlap AlphaTests";
			productReference = C5140E6D1CE1D8B700B306FA /* Overlap AlphaTests.xctest */;
			productType = "com.apple.product-type.bundle.unit-test";
		};
		C5140E771CE1D8B700B306FA /* Overlap AlphaUITests */ = {
			isa = PBXNativeTarget;
			buildConfigurationList = C5140E851CE1D8B800B306FA /* Build configuration list for PBXNativeTarget "Overlap AlphaUITests" */;
			buildPhases = (
				C5140E741CE1D8B700B306FA /* Sources */,
				C5140E751CE1D8B700B306FA /* Frameworks */,
				C5140E761CE1D8B700B306FA /* Resources */,
			);
			buildRules = (
			);
			dependencies = (
				C5140E7A1CE1D8B700B306FA /* PBXTargetDependency */,
			);
			name = "Overlap AlphaUITests";
			productName = "Overlap AlphaUITests";
			productReference = C5140E781CE1D8B700B306FA /* Overlap AlphaUITests.xctest */;
			productType = "com.apple.product-type.bundle.ui-testing";
		};
		C5140E8B1CE1D8C700B306FA /* Overlap Beta */ = {
			isa = PBXNativeTarget;
			buildConfigurationList = C5140EB11CE1D8C700B306FA /* Build configuration list for PBXNativeTarget "Overlap Beta" */;
			buildPhases = (
				C5140E881CE1D8C700B306FA /* Sources */,
				C5140E891CE1D8C700B306FA /* Frameworks */,
				C5140E8A1CE1D8C700B306FA /* Resources */,
			);
			buildRules = (
			);
			dependencies = (
			);
			name = "Overlap Beta";
			productName = "Overlap Beta";
			productReference = C5140E8C1CE1D8C700B306FA /* Overlap Beta.app */;
			productType = "com.apple.product-type.application";
		};
		C5140E9E1CE1D8C700B306FA /* Overlap BetaTests */ = {
			isa = PBXNativeTarget;
			buildConfigurationList = C5140EB41CE1D8C700B306FA /* Build configuration list for PBXNativeTarget "Overlap BetaTests" */;
			buildPhases = (
				C5140E9B1CE1D8C700B306FA /* Sources */,
				C5140E9C1CE1D8C700B306FA /* Frameworks */,
				C5140E9D1CE1D8C700B306FA /* Resources */,
			);
			buildRules = (
			);
			dependencies = (
				C5140EA11CE1D8C700B306FA /* PBXTargetDependency */,
			);
			name = "Overlap BetaTests";
			productName = "Overlap BetaTests";
			productReference = C5140E9F1CE1D8C700B306FA /* Overlap BetaTests.xctest */;
			productType = "com.apple.product-type.bundle.unit-test";
		};
		C5140EA91CE1D8C700B306FA /* Overlap BetaUITests */ = {
			isa = PBXNativeTarget;
			buildConfigurationList = C5140EB71CE1D8C700B306FA /* Build configuration list for PBXNativeTarget "Overlap BetaUITests" */;
			buildPhases = (
				C5140EA61CE1D8C700B306FA /* Sources */,
				C5140EA71CE1D8C700B306FA /* Frameworks */,
				C5140EA81CE1D8C700B306FA /* Resources */,
			);
			buildRules = (
			);
			dependencies = (
				C5140EAC1CE1D8C700B306FA /* PBXTargetDependency */,
			);
			name = "Overlap BetaUITests";
			productName = "Overlap BetaUITests";
			productReference = C5140EAA1CE1D8C700B306FA /* Overlap BetaUITests.xctest */;
			productType = "com.apple.product-type.bundle.ui-testing";
		};
/* End PBXNativeTarget section */

/* Begin PBXProject section */
		C5140E011CE1D80D00B306FA /* Project object */ = {
			isa = PBXProject;
			attributes = {
				LastSwiftUpdateCheck = 0730;
				LastUpgradeCheck = 0730;
				ORGANIZATIONNAME = "Maxim Pervushin";
				TargetAttributes = {
					C5140E081CE1D80D00B306FA = {
						CreatedOnToolsVersion = 7.3.1;
					};
					C5140E1C1CE1D80D00B306FA = {
						CreatedOnToolsVersion = 7.3.1;
						TestTargetID = C5140E081CE1D80D00B306FA;
					};
					C5140E271CE1D80D00B306FA = {
						CreatedOnToolsVersion = 7.3.1;
						TestTargetID = C5140E081CE1D80D00B306FA;
					};
					C5140E591CE1D8B700B306FA = {
						CreatedOnToolsVersion = 7.3.1;
					};
					C5140E6C1CE1D8B700B306FA = {
						CreatedOnToolsVersion = 7.3.1;
						TestTargetID = C5140E591CE1D8B700B306FA;
					};
					C5140E771CE1D8B700B306FA = {
						CreatedOnToolsVersion = 7.3.1;
						TestTargetID = C5140E591CE1D8B700B306FA;
					};
					C5140E8B1CE1D8C700B306FA = {
						CreatedOnToolsVersion = 7.3.1;
					};
					C5140E9E1CE1D8C700B306FA = {
						CreatedOnToolsVersion = 7.3.1;
						TestTargetID = C5140E8B1CE1D8C700B306FA;
					};
					C5140EA91CE1D8C700B306FA = {
						CreatedOnToolsVersion = 7.3.1;
						TestTargetID = C5140E8B1CE1D8C700B306FA;
					};
				};
			};
			buildConfigurationList = C5140E041CE1D80D00B306FA /* Build configuration list for PBXProject "Overlap" */;
			compatibilityVersion = "Xcode 3.2";
			developmentRegion = English;
			hasScannedForEncodings = 0;
			knownRegions = (
				en,
				Base,
			);
			mainGroup = C5140E001CE1D80D00B306FA;
			productRefGroup = C5140E0A1CE1D80D00B306FA /* Products */;
			projectDirPath = "";
			projectRoot = "";
			targets = (
				C5140E081CE1D80D00B306FA /* Overlap */,
				C5140E1C1CE1D80D00B306FA /* OverlapTests */,
				C5140E271CE1D80D00B306FA /* OverlapUITests */,
				C5140E591CE1D8B700B306FA /* Overlap Alpha */,
				C5140E6C1CE1D8B700B306FA /* Overlap AlphaTests */,
				C5140E771CE1D8B700B306FA /* Overlap AlphaUITests */,
				C5140E8B1CE1D8C700B306FA /* Overlap Beta */,
				C5140E9E1CE1D8C700B306FA /* Overlap BetaTests */,
				C5140EA91CE1D8C700B306FA /* Overlap BetaUITests */,
			);
		};
/* End PBXProject section */

/* Begin PBXResourcesBuildPhase section */
		C5140E071CE1D80D00B306FA /* Resources */ = {
			isa = PBXResourcesBuildPhase;
			buildActionMask = 2147483647;
			files = (
				C5140F051CE1DAB800B306FA /* Main.storyboard in Resources */,
				C5140E141CE1D80D00B306FA /* Assets.xcassets in Resources */,
				C5140F021CE1DAB800B306FA /* LaunchScreen.storyboard in Resources */,
			);
			runOnlyForDeploymentPostprocessing = 0;
		};
		C5140E1B1CE1D80D00B306FA /* Resources */ = {
			isa = PBXResourcesBuildPhase;
			buildActionMask = 2147483647;
			files = (
			);
			runOnlyForDeploymentPostprocessing = 0;
		};
		C5140E261CE1D80D00B306FA /* Resources */ = {
			isa = PBXResourcesBuildPhase;
			buildActionMask = 2147483647;
			files = (
			);
			runOnlyForDeploymentPostprocessing = 0;
		};
		C5140E581CE1D8B700B306FA /* Resources */ = {
			isa = PBXResourcesBuildPhase;
			buildActionMask = 2147483647;
			files = (
				C5140F061CE1DAB800B306FA /* Main.storyboard in Resources */,
				C5140E641CE1D8B700B306FA /* Assets.xcassets in Resources */,
				C5140F031CE1DAB800B306FA /* LaunchScreen.storyboard in Resources */,
			);
			runOnlyForDeploymentPostprocessing = 0;
		};
		C5140E6B1CE1D8B700B306FA /* Resources */ = {
			isa = PBXResourcesBuildPhase;
			buildActionMask = 2147483647;
			files = (
			);
			runOnlyForDeploymentPostprocessing = 0;
		};
		C5140E761CE1D8B700B306FA /* Resources */ = {
			isa = PBXResourcesBuildPhase;
			buildActionMask = 2147483647;
			files = (
			);
			runOnlyForDeploymentPostprocessing = 0;
		};
		C5140E8A1CE1D8C700B306FA /* Resources */ = {
			isa = PBXResourcesBuildPhase;
			buildActionMask = 2147483647;
			files = (
				C5140F071CE1DAB800B306FA /* Main.storyboard in Resources */,
				C5140E961CE1D8C700B306FA /* Assets.xcassets in Resources */,
				C5140F041CE1DAB800B306FA /* LaunchScreen.storyboard in Resources */,
			);
			runOnlyForDeploymentPostprocessing = 0;
		};
		C5140E9D1CE1D8C700B306FA /* Resources */ = {
			isa = PBXResourcesBuildPhase;
			buildActionMask = 2147483647;
			files = (
			);
			runOnlyForDeploymentPostprocessing = 0;
		};
		C5140EA81CE1D8C700B306FA /* Resources */ = {
			isa = PBXResourcesBuildPhase;
			buildActionMask = 2147483647;
			files = (
			);
			runOnlyForDeploymentPostprocessing = 0;
		};
/* End PBXResourcesBuildPhase section */

/* Begin PBXSourcesBuildPhase section */
		C5140E051CE1D80D00B306FA /* Sources */ = {
			isa = PBXSourcesBuildPhase;
			buildActionMask = 2147483647;
			files = (
				C5140F1D1CE1DAB800B306FA /* TimePickerNavigationController.swift in Sources */,
				C5140EE41CE1DAB800B306FA /* AppDelegate.swift in Sources */,
				C5140F1A1CE1DAB800B306FA /* OverlapListViewController.swift in Sources */,
				C5140F201CE1DAB800B306FA /* TimePickerViewController.swift in Sources */,
				C5140F231CE1DAB800B306FA /* TimezonePickerNavigationController.swift in Sources */,
				C5140F321CE1DAB800B306FA /* OverlapView.swift in Sources */,
				C5140F291CE1DAB800B306FA /* EditButton.swift in Sources */,
				C5140F261CE1DAB800B306FA /* TimezonePickerViewController.swift in Sources */,
				C5140F351CE1DAB800B306FA /* RoundedView.swift in Sources */,
				C5140F171CE1DAB800B306FA /* OverlapEditorViewController.swift in Sources */,
				C5140EED1CE1DAB800B306FA /* Overlap.swift in Sources */,
				C5140F381CE1DAB800B306FA /* TimezoneCell.swift in Sources */,
				C5140F0E1CE1DAB800B306FA /* PlistStorage.swift in Sources */,
				C5140EF91CE1DAB800B306FA /* OverlapEditor.swift in Sources */,
				C5140EE71CE1DAB800B306FA /* DataManager.swift in Sources */,
				C5140F111CE1DAB800B306FA /* Storage.swift in Sources */,
				C5140EFC1CE1DAB800B306FA /* Double+Time.swift in Sources */,
				C5140F081CE1DAB800B306FA /* Interval+Dictionary.swift in Sources */,
				C5140F141CE1DAB800B306FA /* OverlapEditorNavigationController.swift in Sources */,
				C5140EF61CE1DAB800B306FA /* IntervalEditor.swift in Sources */,
				C5140F2C1CE1DAB800B306FA /* HorizontalLineView.swift in Sources */,
				C5140EEA1CE1DAB800B306FA /* Interval.swift in Sources */,
				C5140F2F1CE1DAB800B306FA /* OverlapCell.swift in Sources */,
				C5140EFF1CE1DAB800B306FA /* UIStoryboardSegue+Identifier.swift in Sources */,
				C5140F0B1CE1DAB800B306FA /* Overlap+Dictionary.swift in Sources */,
			);
			runOnlyForDeploymentPostprocessing = 0;
		};
		C5140E191CE1D80D00B306FA /* Sources */ = {
			isa = PBXSourcesBuildPhase;
			buildActionMask = 2147483647;
			files = (
				C5140F421CE1E29900B306FA /* OverlapEditorTests.swift in Sources */,
				C5140F3F1CE1E29900B306FA /* IntervalEditorTests.swift in Sources */,
				C5140F451CE1E29900B306FA /* OverlapTests.swift in Sources */,
			);
			runOnlyForDeploymentPostprocessing = 0;
		};
		C5140E241CE1D80D00B306FA /* Sources */ = {
			isa = PBXSourcesBuildPhase;
			buildActionMask = 2147483647;
			files = (
				C5140F4A1CE1E31600B306FA /* OverlapUITests.swift in Sources */,
			);
			runOnlyForDeploymentPostprocessing = 0;
		};
		C5140E561CE1D8B700B306FA /* Sources */ = {
			isa = PBXSourcesBuildPhase;
			buildActionMask = 2147483647;
			files = (
				C5140F1E1CE1DAB800B306FA /* TimePickerNavigationController.swift in Sources */,
				C5140EE51CE1DAB800B306FA /* AppDelegate.swift in Sources */,
				C5140F1B1CE1DAB800B306FA /* OverlapListViewController.swift in Sources */,
				C5140F211CE1DAB800B306FA /* TimePickerViewController.swift in Sources */,
				C5140F241CE1DAB800B306FA /* TimezonePickerNavigationController.swift in Sources */,
				C5140F331CE1DAB800B306FA /* OverlapView.swift in Sources */,
				C5140F2A1CE1DAB800B306FA /* EditButton.swift in Sources */,
				C5140F271CE1DAB800B306FA /* TimezonePickerViewController.swift in Sources */,
				C5140F361CE1DAB800B306FA /* RoundedView.swift in Sources */,
				C5140F181CE1DAB800B306FA /* OverlapEditorViewController.swift in Sources */,
				C5140EEE1CE1DAB800B306FA /* Overlap.swift in Sources */,
				C5140F391CE1DAB800B306FA /* TimezoneCell.swift in Sources */,
				C5140F0F1CE1DAB800B306FA /* PlistStorage.swift in Sources */,
				C5140EFA1CE1DAB800B306FA /* OverlapEditor.swift in Sources */,
				C5140EE81CE1DAB800B306FA /* DataManager.swift in Sources */,
				C5140F121CE1DAB800B306FA /* Storage.swift in Sources */,
				C5140EFD1CE1DAB800B306FA /* Double+Time.swift in Sources */,
				C5140F091CE1DAB800B306FA /* Interval+Dictionary.swift in Sources */,
				C5140F151CE1DAB800B306FA /* OverlapEditorNavigationController.swift in Sources */,
				C5140EF71CE1DAB800B306FA /* IntervalEditor.swift in Sources */,
				C5140F2D1CE1DAB800B306FA /* HorizontalLineView.swift in Sources */,
				C5140EEB1CE1DAB800B306FA /* Interval.swift in Sources */,
				C5140F301CE1DAB800B306FA /* OverlapCell.swift in Sources */,
				C5140F001CE1DAB800B306FA /* UIStoryboardSegue+Identifier.swift in Sources */,
				C5140F0C1CE1DAB800B306FA /* Overlap+Dictionary.swift in Sources */,
			);
			runOnlyForDeploymentPostprocessing = 0;
		};
		C5140E691CE1D8B700B306FA /* Sources */ = {
			isa = PBXSourcesBuildPhase;
			buildActionMask = 2147483647;
			files = (
				C5140F431CE1E29900B306FA /* OverlapEditorTests.swift in Sources */,
				C5140F401CE1E29900B306FA /* IntervalEditorTests.swift in Sources */,
				C5140F461CE1E29900B306FA /* OverlapTests.swift in Sources */,
			);
			runOnlyForDeploymentPostprocessing = 0;
		};
		C5140E741CE1D8B700B306FA /* Sources */ = {
			isa = PBXSourcesBuildPhase;
			buildActionMask = 2147483647;
			files = (
				C5140F4B1CE1E31600B306FA /* OverlapUITests.swift in Sources */,
			);
			runOnlyForDeploymentPostprocessing = 0;
		};
		C5140E881CE1D8C700B306FA /* Sources */ = {
			isa = PBXSourcesBuildPhase;
			buildActionMask = 2147483647;
			files = (
				C5140F1F1CE1DAB800B306FA /* TimePickerNavigationController.swift in Sources */,
				C5140EE61CE1DAB800B306FA /* AppDelegate.swift in Sources */,
				C5140F1C1CE1DAB800B306FA /* OverlapListViewController.swift in Sources */,
				C5140F221CE1DAB800B306FA /* TimePickerViewController.swift in Sources */,
				C5140F251CE1DAB800B306FA /* TimezonePickerNavigationController.swift in Sources */,
				C5140F341CE1DAB800B306FA /* OverlapView.swift in Sources */,
				C5140F2B1CE1DAB800B306FA /* EditButton.swift in Sources */,
				C5140F281CE1DAB800B306FA /* TimezonePickerViewController.swift in Sources */,
				C5140F371CE1DAB800B306FA /* RoundedView.swift in Sources */,
				C5140F191CE1DAB800B306FA /* OverlapEditorViewController.swift in Sources */,
				C5140EEF1CE1DAB800B306FA /* Overlap.swift in Sources */,
				C5140F3A1CE1DAB800B306FA /* TimezoneCell.swift in Sources */,
				C5140F101CE1DAB800B306FA /* PlistStorage.swift in Sources */,
				C5140EFB1CE1DAB800B306FA /* OverlapEditor.swift in Sources */,
				C5140EE91CE1DAB800B306FA /* DataManager.swift in Sources */,
				C5140F131CE1DAB800B306FA /* Storage.swift in Sources */,
				C5140EFE1CE1DAB800B306FA /* Double+Time.swift in Sources */,
				C5140F0A1CE1DAB800B306FA /* Interval+Dictionary.swift in Sources */,
				C5140F161CE1DAB800B306FA /* OverlapEditorNavigationController.swift in Sources */,
				C5140EF81CE1DAB800B306FA /* IntervalEditor.swift in Sources */,
				C5140F2E1CE1DAB800B306FA /* HorizontalLineView.swift in Sources */,
				C5140EEC1CE1DAB800B306FA /* Interval.swift in Sources */,
				C5140F311CE1DAB800B306FA /* OverlapCell.swift in Sources */,
				C5140F011CE1DAB800B306FA /* UIStoryboardSegue+Identifier.swift in Sources */,
				C5140F0D1CE1DAB800B306FA /* Overlap+Dictionary.swift in Sources */,
			);
			runOnlyForDeploymentPostprocessing = 0;
		};
		C5140E9B1CE1D8C700B306FA /* Sources */ = {
			isa = PBXSourcesBuildPhase;
			buildActionMask = 2147483647;
			files = (
				C5140F441CE1E29900B306FA /* OverlapEditorTests.swift in Sources */,
				C5140F411CE1E29900B306FA /* IntervalEditorTests.swift in Sources */,
				C5140F471CE1E29900B306FA /* OverlapTests.swift in Sources */,
			);
			runOnlyForDeploymentPostprocessing = 0;
		};
		C5140EA61CE1D8C700B306FA /* Sources */ = {
			isa = PBXSourcesBuildPhase;
			buildActionMask = 2147483647;
			files = (
				C5140F4C1CE1E31600B306FA /* OverlapUITests.swift in Sources */,
			);
			runOnlyForDeploymentPostprocessing = 0;
		};
/* End PBXSourcesBuildPhase section */

/* Begin PBXTargetDependency section */
		C5140E1F1CE1D80D00B306FA /* PBXTargetDependency */ = {
			isa = PBXTargetDependency;
			target = C5140E081CE1D80D00B306FA /* Overlap */;
			targetProxy = C5140E1E1CE1D80D00B306FA /* PBXContainerItemProxy */;
		};
		C5140E2A1CE1D80D00B306FA /* PBXTargetDependency */ = {
			isa = PBXTargetDependency;
			target = C5140E081CE1D80D00B306FA /* Overlap */;
			targetProxy = C5140E291CE1D80D00B306FA /* PBXContainerItemProxy */;
		};
		C5140E6F1CE1D8B700B306FA /* PBXTargetDependency */ = {
			isa = PBXTargetDependency;
			target = C5140E591CE1D8B700B306FA /* Overlap Alpha */;
			targetProxy = C5140E6E1CE1D8B700B306FA /* PBXContainerItemProxy */;
		};
		C5140E7A1CE1D8B700B306FA /* PBXTargetDependency */ = {
			isa = PBXTargetDependency;
			target = C5140E591CE1D8B700B306FA /* Overlap Alpha */;
			targetProxy = C5140E791CE1D8B700B306FA /* PBXContainerItemProxy */;
		};
		C5140EA11CE1D8C700B306FA /* PBXTargetDependency */ = {
			isa = PBXTargetDependency;
			target = C5140E8B1CE1D8C700B306FA /* Overlap Beta */;
			targetProxy = C5140EA01CE1D8C700B306FA /* PBXContainerItemProxy */;
		};
		C5140EAC1CE1D8C700B306FA /* PBXTargetDependency */ = {
			isa = PBXTargetDependency;
			target = C5140E8B1CE1D8C700B306FA /* Overlap Beta */;
			targetProxy = C5140EAB1CE1D8C700B306FA /* PBXContainerItemProxy */;
		};
/* End PBXTargetDependency section */

/* Begin XCBuildConfiguration section */
		C5140E2F1CE1D80D00B306FA /* Debug */ = {
			isa = XCBuildConfiguration;
			buildSettings = {
				ALWAYS_SEARCH_USER_PATHS = NO;
				CLANG_ANALYZER_NONNULL = YES;
				CLANG_CXX_LANGUAGE_STANDARD = "gnu++0x";
				CLANG_CXX_LIBRARY = "libc++";
				CLANG_ENABLE_MODULES = YES;
				CLANG_ENABLE_OBJC_ARC = YES;
				CLANG_WARN_BOOL_CONVERSION = YES;
				CLANG_WARN_CONSTANT_CONVERSION = YES;
				CLANG_WARN_DIRECT_OBJC_ISA_USAGE = YES_ERROR;
				CLANG_WARN_EMPTY_BODY = YES;
				CLANG_WARN_ENUM_CONVERSION = YES;
				CLANG_WARN_INT_CONVERSION = YES;
				CLANG_WARN_OBJC_ROOT_CLASS = YES_ERROR;
				CLANG_WARN_UNREACHABLE_CODE = YES;
				CLANG_WARN__DUPLICATE_METHOD_MATCH = YES;
				"CODE_SIGN_IDENTITY[sdk=iphoneos*]" = "iPhone Developer";
				COPY_PHASE_STRIP = NO;
				DEBUG_INFORMATION_FORMAT = dwarf;
				ENABLE_STRICT_OBJC_MSGSEND = YES;
				ENABLE_TESTABILITY = YES;
				GCC_C_LANGUAGE_STANDARD = gnu99;
				GCC_DYNAMIC_NO_PIC = NO;
				GCC_NO_COMMON_BLOCKS = YES;
				GCC_OPTIMIZATION_LEVEL = 0;
				GCC_PREPROCESSOR_DEFINITIONS = (
					"DEBUG=1",
					"$(inherited)",
				);
				GCC_WARN_64_TO_32_BIT_CONVERSION = YES;
				GCC_WARN_ABOUT_RETURN_TYPE = YES_ERROR;
				GCC_WARN_UNDECLARED_SELECTOR = YES;
				GCC_WARN_UNINITIALIZED_AUTOS = YES_AGGRESSIVE;
				GCC_WARN_UNUSED_FUNCTION = YES;
				GCC_WARN_UNUSED_VARIABLE = YES;
				IPHONEOS_DEPLOYMENT_TARGET = 9.3;
				MTL_ENABLE_DEBUG_INFO = YES;
				ONLY_ACTIVE_ARCH = YES;
				SDKROOT = iphoneos;
				SWIFT_OPTIMIZATION_LEVEL = "-Onone";
				TARGETED_DEVICE_FAMILY = "1,2";
			};
			name = Debug;
		};
		C5140E301CE1D80D00B306FA /* Release */ = {
			isa = XCBuildConfiguration;
			buildSettings = {
				ALWAYS_SEARCH_USER_PATHS = NO;
				CLANG_ANALYZER_NONNULL = YES;
				CLANG_CXX_LANGUAGE_STANDARD = "gnu++0x";
				CLANG_CXX_LIBRARY = "libc++";
				CLANG_ENABLE_MODULES = YES;
				CLANG_ENABLE_OBJC_ARC = YES;
				CLANG_WARN_BOOL_CONVERSION = YES;
				CLANG_WARN_CONSTANT_CONVERSION = YES;
				CLANG_WARN_DIRECT_OBJC_ISA_USAGE = YES_ERROR;
				CLANG_WARN_EMPTY_BODY = YES;
				CLANG_WARN_ENUM_CONVERSION = YES;
				CLANG_WARN_INT_CONVERSION = YES;
				CLANG_WARN_OBJC_ROOT_CLASS = YES_ERROR;
				CLANG_WARN_UNREACHABLE_CODE = YES;
				CLANG_WARN__DUPLICATE_METHOD_MATCH = YES;
				"CODE_SIGN_IDENTITY[sdk=iphoneos*]" = "iPhone Developer";
				COPY_PHASE_STRIP = NO;
				DEBUG_INFORMATION_FORMAT = "dwarf-with-dsym";
				ENABLE_NS_ASSERTIONS = NO;
				ENABLE_STRICT_OBJC_MSGSEND = YES;
				GCC_C_LANGUAGE_STANDARD = gnu99;
				GCC_NO_COMMON_BLOCKS = YES;
				GCC_WARN_64_TO_32_BIT_CONVERSION = YES;
				GCC_WARN_ABOUT_RETURN_TYPE = YES_ERROR;
				GCC_WARN_UNDECLARED_SELECTOR = YES;
				GCC_WARN_UNINITIALIZED_AUTOS = YES_AGGRESSIVE;
				GCC_WARN_UNUSED_FUNCTION = YES;
				GCC_WARN_UNUSED_VARIABLE = YES;
				IPHONEOS_DEPLOYMENT_TARGET = 9.3;
				MTL_ENABLE_DEBUG_INFO = NO;
				SDKROOT = iphoneos;
				TARGETED_DEVICE_FAMILY = "1,2";
				VALIDATE_PRODUCT = YES;
			};
			name = Release;
		};
		C5140E321CE1D80D00B306FA /* Debug */ = {
			isa = XCBuildConfiguration;
			buildSettings = {
				ASSETCATALOG_COMPILER_APPICON_NAME = AppIcon;
				FRAMEWORK_SEARCH_PATHS = (
					"$(inherited)",
					"$(PROJECT_DIR)/App/Dependencies",
				);
				INFOPLIST_FILE = Overlap/Info.plist;
				LD_RUNPATH_SEARCH_PATHS = "$(inherited) @executable_path/Frameworks";
				PRODUCT_BUNDLE_IDENTIFIER = com.maximpervushin.Overlap;
				PRODUCT_NAME = "$(TARGET_NAME)";
			};
			name = Debug;
		};
		C5140E331CE1D80D00B306FA /* Release */ = {
			isa = XCBuildConfiguration;
			buildSettings = {
				ASSETCATALOG_COMPILER_APPICON_NAME = AppIcon;
				FRAMEWORK_SEARCH_PATHS = (
					"$(inherited)",
					"$(PROJECT_DIR)/App/Dependencies",
				);
				INFOPLIST_FILE = Overlap/Info.plist;
				LD_RUNPATH_SEARCH_PATHS = "$(inherited) @executable_path/Frameworks";
				PRODUCT_BUNDLE_IDENTIFIER = com.maximpervushin.Overlap;
				PRODUCT_NAME = "$(TARGET_NAME)";
			};
			name = Release;
		};
		C5140E351CE1D80D00B306FA /* Debug */ = {
			isa = XCBuildConfiguration;
			buildSettings = {
				BUNDLE_LOADER = "$(TEST_HOST)";
				INFOPLIST_FILE = OverlapTests/Info.plist;
				LD_RUNPATH_SEARCH_PATHS = "$(inherited) @executable_path/Frameworks @loader_path/Frameworks";
				PRODUCT_BUNDLE_IDENTIFIER = com.maximpervushin.OverlapTests;
				PRODUCT_NAME = "$(TARGET_NAME)";
				TEST_HOST = "$(BUILT_PRODUCTS_DIR)/Overlap.app/Overlap";
			};
			name = Debug;
		};
		C5140E361CE1D80D00B306FA /* Release */ = {
			isa = XCBuildConfiguration;
			buildSettings = {
				BUNDLE_LOADER = "$(TEST_HOST)";
				INFOPLIST_FILE = OverlapTests/Info.plist;
				LD_RUNPATH_SEARCH_PATHS = "$(inherited) @executable_path/Frameworks @loader_path/Frameworks";
				PRODUCT_BUNDLE_IDENTIFIER = com.maximpervushin.OverlapTests;
				PRODUCT_NAME = "$(TARGET_NAME)";
				TEST_HOST = "$(BUILT_PRODUCTS_DIR)/Overlap.app/Overlap";
			};
			name = Release;
		};
		C5140E381CE1D80D00B306FA /* Debug */ = {
			isa = XCBuildConfiguration;
			buildSettings = {
				INFOPLIST_FILE = OverlapUITests/Info.plist;
				LD_RUNPATH_SEARCH_PATHS = "$(inherited) @executable_path/Frameworks @loader_path/Frameworks";
				PRODUCT_BUNDLE_IDENTIFIER = com.maximpervushin.OverlapUITests;
				PRODUCT_NAME = "$(TARGET_NAME)";
				TEST_TARGET_NAME = Overlap;
			};
			name = Debug;
		};
		C5140E391CE1D80D00B306FA /* Release */ = {
			isa = XCBuildConfiguration;
			buildSettings = {
				INFOPLIST_FILE = OverlapUITests/Info.plist;
				LD_RUNPATH_SEARCH_PATHS = "$(inherited) @executable_path/Frameworks @loader_path/Frameworks";
				PRODUCT_BUNDLE_IDENTIFIER = com.maximpervushin.OverlapUITests;
				PRODUCT_NAME = "$(TARGET_NAME)";
				TEST_TARGET_NAME = Overlap;
			};
			name = Release;
		};
		C5140E801CE1D8B700B306FA /* Debug */ = {
			isa = XCBuildConfiguration;
			buildSettings = {
				ASSETCATALOG_COMPILER_APPICON_NAME = AppIcon;
				FRAMEWORK_SEARCH_PATHS = (
					"$(inherited)",
					"$(PROJECT_DIR)/App/Dependencies",
				);
				INFOPLIST_FILE = "Overlap Alpha/Info.plist";
				LD_RUNPATH_SEARCH_PATHS = "$(inherited) @executable_path/Frameworks";
				PRODUCT_BUNDLE_IDENTIFIER = "com.maximpervushin.Overlap-Alpha";
				PRODUCT_NAME = "$(TARGET_NAME)";
			};
			name = Debug;
		};
		C5140E811CE1D8B700B306FA /* Release */ = {
			isa = XCBuildConfiguration;
			buildSettings = {
				ASSETCATALOG_COMPILER_APPICON_NAME = AppIcon;
				FRAMEWORK_SEARCH_PATHS = (
					"$(inherited)",
					"$(PROJECT_DIR)/App/Dependencies",
				);
				INFOPLIST_FILE = "Overlap Alpha/Info.plist";
				LD_RUNPATH_SEARCH_PATHS = "$(inherited) @executable_path/Frameworks";
				PRODUCT_BUNDLE_IDENTIFIER = "com.maximpervushin.Overlap-Alpha";
				PRODUCT_NAME = "$(TARGET_NAME)";
			};
			name = Release;
		};
		C5140E831CE1D8B800B306FA /* Debug */ = {
			isa = XCBuildConfiguration;
			buildSettings = {
				BUNDLE_LOADER = "$(TEST_HOST)";
				INFOPLIST_FILE = "Overlap AlphaTests/Info.plist";
				LD_RUNPATH_SEARCH_PATHS = "$(inherited) @executable_path/Frameworks @loader_path/Frameworks";
				PRODUCT_BUNDLE_IDENTIFIER = "com.maximpervushin.Overlap-AlphaTests";
				PRODUCT_NAME = "$(TARGET_NAME)";
				TEST_HOST = "$(BUILT_PRODUCTS_DIR)/Overlap Alpha.app/Overlap Alpha";
			};
			name = Debug;
		};
		C5140E841CE1D8B800B306FA /* Release */ = {
			isa = XCBuildConfiguration;
			buildSettings = {
				BUNDLE_LOADER = "$(TEST_HOST)";
				INFOPLIST_FILE = "Overlap AlphaTests/Info.plist";
				LD_RUNPATH_SEARCH_PATHS = "$(inherited) @executable_path/Frameworks @loader_path/Frameworks";
				PRODUCT_BUNDLE_IDENTIFIER = "com.maximpervushin.Overlap-AlphaTests";
				PRODUCT_NAME = "$(TARGET_NAME)";
				TEST_HOST = "$(BUILT_PRODUCTS_DIR)/Overlap Alpha.app/Overlap Alpha";
			};
			name = Release;
		};
		C5140E861CE1D8B800B306FA /* Debug */ = {
			isa = XCBuildConfiguration;
			buildSettings = {
				INFOPLIST_FILE = "Overlap AlphaUITests/Info.plist";
				LD_RUNPATH_SEARCH_PATHS = "$(inherited) @executable_path/Frameworks @loader_path/Frameworks";
				PRODUCT_BUNDLE_IDENTIFIER = "com.maximpervushin.Overlap-AlphaUITests";
				PRODUCT_NAME = "$(TARGET_NAME)";
				TEST_TARGET_NAME = "Overlap Alpha";
			};
			name = Debug;
		};
		C5140E871CE1D8B800B306FA /* Release */ = {
			isa = XCBuildConfiguration;
			buildSettings = {
				INFOPLIST_FILE = "Overlap AlphaUITests/Info.plist";
				LD_RUNPATH_SEARCH_PATHS = "$(inherited) @executable_path/Frameworks @loader_path/Frameworks";
				PRODUCT_BUNDLE_IDENTIFIER = "com.maximpervushin.Overlap-AlphaUITests";
				PRODUCT_NAME = "$(TARGET_NAME)";
				TEST_TARGET_NAME = "Overlap Alpha";
			};
			name = Release;
		};
		C5140EB21CE1D8C700B306FA /* Debug */ = {
			isa = XCBuildConfiguration;
			buildSettings = {
				ASSETCATALOG_COMPILER_APPICON_NAME = AppIcon;
				FRAMEWORK_SEARCH_PATHS = (
					"$(inherited)",
					"$(PROJECT_DIR)/App/Dependencies",
				);
				INFOPLIST_FILE = "Overlap Beta/Info.plist";
				LD_RUNPATH_SEARCH_PATHS = "$(inherited) @executable_path/Frameworks";
				PRODUCT_BUNDLE_IDENTIFIER = "com.maximpervushin.Overlap-Beta";
				PRODUCT_NAME = "$(TARGET_NAME)";
			};
			name = Debug;
		};
		C5140EB31CE1D8C700B306FA /* Release */ = {
			isa = XCBuildConfiguration;
			buildSettings = {
				ASSETCATALOG_COMPILER_APPICON_NAME = AppIcon;
				FRAMEWORK_SEARCH_PATHS = (
					"$(inherited)",
					"$(PROJECT_DIR)/App/Dependencies",
				);
				INFOPLIST_FILE = "Overlap Beta/Info.plist";
				LD_RUNPATH_SEARCH_PATHS = "$(inherited) @executable_path/Frameworks";
				PRODUCT_BUNDLE_IDENTIFIER = "com.maximpervushin.Overlap-Beta";
				PRODUCT_NAME = "$(TARGET_NAME)";
			};
			name = Release;
		};
		C5140EB51CE1D8C700B306FA /* Debug */ = {
			isa = XCBuildConfiguration;
			buildSettings = {
				BUNDLE_LOADER = "$(TEST_HOST)";
				INFOPLIST_FILE = "Overlap BetaTests/Info.plist";
				LD_RUNPATH_SEARCH_PATHS = "$(inherited) @executable_path/Frameworks @loader_path/Frameworks";
				PRODUCT_BUNDLE_IDENTIFIER = "com.maximpervushin.Overlap-BetaTests";
				PRODUCT_NAME = "$(TARGET_NAME)";
				TEST_HOST = "$(BUILT_PRODUCTS_DIR)/Overlap Beta.app/Overlap Beta";
			};
			name = Debug;
		};
		C5140EB61CE1D8C700B306FA /* Release */ = {
			isa = XCBuildConfiguration;
			buildSettings = {
				BUNDLE_LOADER = "$(TEST_HOST)";
				INFOPLIST_FILE = "Overlap BetaTests/Info.plist";
				LD_RUNPATH_SEARCH_PATHS = "$(inherited) @executable_path/Frameworks @loader_path/Frameworks";
				PRODUCT_BUNDLE_IDENTIFIER = "com.maximpervushin.Overlap-BetaTests";
				PRODUCT_NAME = "$(TARGET_NAME)";
				TEST_HOST = "$(BUILT_PRODUCTS_DIR)/Overlap Beta.app/Overlap Beta";
			};
			name = Release;
		};
		C5140EB81CE1D8C700B306FA /* Debug */ = {
			isa = XCBuildConfiguration;
			buildSettings = {
				INFOPLIST_FILE = "Overlap BetaUITests/Info.plist";
				LD_RUNPATH_SEARCH_PATHS = "$(inherited) @executable_path/Frameworks @loader_path/Frameworks";
				PRODUCT_BUNDLE_IDENTIFIER = "com.maximpervushin.Overlap-BetaUITests";
				PRODUCT_NAME = "$(TARGET_NAME)";
				TEST_TARGET_NAME = "Overlap Beta";
			};
			name = Debug;
		};
		C5140EB91CE1D8C700B306FA /* Release */ = {
			isa = XCBuildConfiguration;
			buildSettings = {
				INFOPLIST_FILE = "Overlap BetaUITests/Info.plist";
				LD_RUNPATH_SEARCH_PATHS = "$(inherited) @executable_path/Frameworks @loader_path/Frameworks";
				PRODUCT_BUNDLE_IDENTIFIER = "com.maximpervushin.Overlap-BetaUITests";
				PRODUCT_NAME = "$(TARGET_NAME)";
				TEST_TARGET_NAME = "Overlap Beta";
			};
			name = Release;
		};
/* End XCBuildConfiguration section */

/* Begin XCConfigurationList section */
		C5140E041CE1D80D00B306FA /* Build configuration list for PBXProject "Overlap" */ = {
			isa = XCConfigurationList;
			buildConfigurations = (
				C5140E2F1CE1D80D00B306FA /* Debug */,
				C5140E301CE1D80D00B306FA /* Release */,
			);
			defaultConfigurationIsVisible = 0;
			defaultConfigurationName = Release;
		};
		C5140E311CE1D80D00B306FA /* Build configuration list for PBXNativeTarget "Overlap" */ = {
			isa = XCConfigurationList;
			buildConfigurations = (
				C5140E321CE1D80D00B306FA /* Debug */,
				C5140E331CE1D80D00B306FA /* Release */,
			);
			defaultConfigurationIsVisible = 0;
		};
		C5140E341CE1D80D00B306FA /* Build configuration list for PBXNativeTarget "OverlapTests" */ = {
			isa = XCConfigurationList;
			buildConfigurations = (
				C5140E351CE1D80D00B306FA /* Debug */,
				C5140E361CE1D80D00B306FA /* Release */,
			);
			defaultConfigurationIsVisible = 0;
		};
		C5140E371CE1D80D00B306FA /* Build configuration list for PBXNativeTarget "OverlapUITests" */ = {
			isa = XCConfigurationList;
			buildConfigurations = (
				C5140E381CE1D80D00B306FA /* Debug */,
				C5140E391CE1D80D00B306FA /* Release */,
			);
			defaultConfigurationIsVisible = 0;
		};
		C5140E7F1CE1D8B700B306FA /* Build configuration list for PBXNativeTarget "Overlap Alpha" */ = {
			isa = XCConfigurationList;
			buildConfigurations = (
				C5140E801CE1D8B700B306FA /* Debug */,
				C5140E811CE1D8B700B306FA /* Release */,
			);
			defaultConfigurationIsVisible = 0;
		};
		C5140E821CE1D8B800B306FA /* Build configuration list for PBXNativeTarget "Overlap AlphaTests" */ = {
			isa = XCConfigurationList;
			buildConfigurations = (
				C5140E831CE1D8B800B306FA /* Debug */,
				C5140E841CE1D8B800B306FA /* Release */,
			);
			defaultConfigurationIsVisible = 0;
		};
		C5140E851CE1D8B800B306FA /* Build configuration list for PBXNativeTarget "Overlap AlphaUITests" */ = {
			isa = XCConfigurationList;
			buildConfigurations = (
				C5140E861CE1D8B800B306FA /* Debug */,
				C5140E871CE1D8B800B306FA /* Release */,
			);
			defaultConfigurationIsVisible = 0;
		};
		C5140EB11CE1D8C700B306FA /* Build configuration list for PBXNativeTarget "Overlap Beta" */ = {
			isa = XCConfigurationList;
			buildConfigurations = (
				C5140EB21CE1D8C700B306FA /* Debug */,
				C5140EB31CE1D8C700B306FA /* Release */,
			);
			defaultConfigurationIsVisible = 0;
		};
		C5140EB41CE1D8C700B306FA /* Build configuration list for PBXNativeTarget "Overlap BetaTests" */ = {
			isa = XCConfigurationList;
			buildConfigurations = (
				C5140EB51CE1D8C700B306FA /* Debug */,
				C5140EB61CE1D8C700B306FA /* Release */,
			);
			defaultConfigurationIsVisible = 0;
		};
		C5140EB71CE1D8C700B306FA /* Build configuration list for PBXNativeTarget "Overlap BetaUITests" */ = {
			isa = XCConfigurationList;
			buildConfigurations = (
				C5140EB81CE1D8C700B306FA /* Debug */,
				C5140EB91CE1D8C700B306FA /* Release */,
			);
			defaultConfigurationIsVisible = 0;
		};
/* End XCConfigurationList section */
	};
	rootObject = C5140E011CE1D80D00B306FA /* Project object */;
}
